
Microsoft Visual Studio Solution File, Format Version 12.00
# Visual Studio Version 16
VisualStudioVersion = 16.0.31005.135
MinimumVisualStudioVersion = 10.0.40219.1
Project("{FAE04EC0-301F-11D3-BF4B-00C04F79EFBC}") = "proiectPLC", "proiectPLC\proiectPLC.csproj", "{8815D418-29F7-4184-A8E2-793FD47EB46D}"
EndProject
Global
	GlobalSection(SolutionConfigurationPlatforms) = preSolution
		Debug|Any CPU = Debug|Any CPU
		Release|Any CPU = Release|Any CPU
	EndGlobalSection
	GlobalSection(ProjectConfigurationPlatforms) = postSolution
		{8815D418-29F7-4184-A8E2-793FD47EB46D}.Debug|Any CPU.ActiveCfg = Debug|Any CPU
		{8815D418-29F7-4184-A8E2-793FD47EB46D}.Debug|Any CPU.Build.0 = Debug|Any CPU
		{8815D418-29F7-4184-A8E2-793FD47EB46D}.Release|Any CPU.ActiveCfg = Release|Any CPU
		{8815D418-29F7-4184-A8E2-793FD47EB46D}.Release|Any CPU.Build.0 = Release|Any CPU
	EndGlobalSection
	GlobalSection(SolutionProperties) = preSolution
		HideSolutionNode = FALSE
	EndGlobalSection
	GlobalSection(ExtensibilityGlobals) = postSolution
		SolutionGuid = {EB3631E8-1D8C-4F1A-BA3E-401CD9A3FE47}
	EndGlobalSection
EndGlobal
